
Microsoft Visual Studio Solution File, Format Version 12.00
# Visual Studio Version 17
VisualStudioVersion = 17.2.34031.104
MinimumVisualStudioVersion = 10.0.40219.1
Project("{9A19103F-16F7-4668-BE54-9A1E7A4F7556}") = "LightStateMachine", "LightStateMachine\LightStateMachine.csproj", "{152FF990-1CD4-468E-9F17-FBFD22B8347D}"
EndProject
Project("{FAE04EC0-301F-11D3-BF4B-00C04F79EFBC}") = "UnitTest", "UnitTest\UnitTest.csproj", "{17B84FD4-4330-499B-91AD-607D331F852E}"
	ProjectSection(ProjectDependencies) = postProject
		{152FF990-1CD4-468E-9F17-FBFD22B8347D} = {152FF990-1CD4-468E-9F17-FBFD22B8347D}
	EndProjectSection
EndProject
Global
	GlobalSection(SolutionConfigurationPlatforms) = preSolution
		Debug|Any CPU = Debug|Any CPU
		Release|Any CPU = Release|Any CPU
	EndGlobalSection
	GlobalSection(ProjectConfigurationPlatforms) = postSolution
		{152FF990-1CD4-468E-9F17-FBFD22B8347D}.Debug|Any CPU.ActiveCfg = Debug|Any CPU
		{152FF990-1CD4-468E-9F17-FBFD22B8347D}.Debug|Any CPU.Build.0 = Debug|Any CPU
		{152FF990-1CD4-468E-9F17-FBFD22B8347D}.Release|Any CPU.ActiveCfg = Release|Any CPU
		{152FF990-1CD4-468E-9F17-FBFD22B8347D}.Release|Any CPU.Build.0 = Release|Any CPU
		{17B84FD4-4330-499B-91AD-607D331F852E}.Debug|Any CPU.ActiveCfg = Debug|Any CPU
		{17B84FD4-4330-499B-91AD-607D331F852E}.Debug|Any CPU.Build.0 = Debug|Any CPU
		{17B84FD4-4330-499B-91AD-607D331F852E}.Release|Any CPU.ActiveCfg = Release|Any CPU
		{17B84FD4-4330-499B-91AD-607D331F852E}.Release|Any CPU.Build.0 = Release|Any CPU
	EndGlobalSection
	GlobalSection(SolutionProperties) = preSolution
		HideSolutionNode = FALSE
	EndGlobalSection
	GlobalSection(ExtensibilityGlobals) = postSolution
		SolutionGuid = {690C3E85-E88F-4CF2-9671-372837694893}
	EndGlobalSection
EndGlobal
